
Microsoft Visual Studio Solution File, Format Version 12.00
# Visual Studio Version 17
VisualStudioVersion = 17.3.32811.315
MinimumVisualStudioVersion = 10.0.40219.1
Project("{FAE04EC0-301F-11D3-BF4B-00C04F79EFBC}") = "18.9", "18.9\18.9.csproj", "{AE2F3971-C017-482E-89FC-A69D648FFF27}"
EndProject
Global
	GlobalSection(SolutionConfigurationPlatforms) = preSolution
		Debug|Any CPU = Debug|Any CPU
		Release|Any CPU = Release|Any CPU
	EndGlobalSection
	GlobalSection(ProjectConfigurationPlatforms) = postSolution
		{AE2F3971-C017-482E-89FC-A69D648FFF27}.Debug|Any CPU.ActiveCfg = Debug|Any CPU
		{AE2F3971-C017-482E-89FC-A69D648FFF27}.Debug|Any CPU.Build.0 = Debug|Any CPU
		{AE2F3971-C017-482E-89FC-A69D648FFF27}.Release|Any CPU.ActiveCfg = Release|Any CPU
		{AE2F3971-C017-482E-89FC-A69D648FFF27}.Release|Any CPU.Build.0 = Release|Any CPU
	EndGlobalSection
	GlobalSection(SolutionProperties) = preSolution
		HideSolutionNode = FALSE
	EndGlobalSection
	GlobalSection(ExtensibilityGlobals) = postSolution
		SolutionGuid = {5D579511-7B0C-484A-91A2-1D0B2ED99B46}
	EndGlobalSection
EndGlobal
